
Microsoft Visual Studio Solution File, Format Version 12.00
# Visual Studio Version 16
VisualStudioVersion = 16.0.32228.343
MinimumVisualStudioVersion = 10.0.40219.1
Project("{FAE04EC0-301F-11D3-BF4B-00C04F79EFBC}") = "OnlineExamination.DataAccess", "OnlineExamination.DataAccess\OnlineExamination.DataAccess.csproj", "{4E23992A-F9B5-4754-982E-7A4C07D0D568}"
EndProject
Global
	GlobalSection(SolutionConfigurationPlatforms) = preSolution
		Debug|Any CPU = Debug|Any CPU
		Release|Any CPU = Release|Any CPU
	EndGlobalSection
	GlobalSection(ProjectConfigurationPlatforms) = postSolution
		{4E23992A-F9B5-4754-982E-7A4C07D0D568}.Debug|Any CPU.ActiveCfg = Debug|Any CPU
		{4E23992A-F9B5-4754-982E-7A4C07D0D568}.Debug|Any CPU.Build.0 = Debug|Any CPU
		{4E23992A-F9B5-4754-982E-7A4C07D0D568}.Release|Any CPU.ActiveCfg = Release|Any CPU
		{4E23992A-F9B5-4754-982E-7A4C07D0D568}.Release|Any CPU.Build.0 = Release|Any CPU
	EndGlobalSection
	GlobalSection(SolutionProperties) = preSolution
		HideSolutionNode = FALSE
	EndGlobalSection
	GlobalSection(ExtensibilityGlobals) = postSolution
		SolutionGuid = {7B7FC2CA-A074-4A82-A261-071B3A615840}
	EndGlobalSection
EndGlobal
